// !$*UTF8*$!
{
	archiveVersion = 1;
	classes = {
	};
	objectVersion = 56;
	objects = {

/* Begin PBXBuildFile section */
		6660EB652ECC11F1000B8EFB /* imgui_tables.cpp in Sources */ = {isa = PBXBuildFile; fileRef = 6660EB5B2ECC11F1000B8EFB /* imgui_tables.cpp */; };
		6660EB662ECC11F1000B8EFB /* imgui.cpp in Sources */ = {isa = PBXBuildFile; fileRef = 6660EB542ECC11F1000B8EFB /* imgui.cpp */; };
		6660EB672ECC11F1000B8EFB /* imgui_impl_glfw.cpp in Sources */ = {isa = PBXBuildFile; fileRef = 6660EB4B2ECC11F1000B8EFB /* imgui_impl_glfw.cpp */; };
		6660EB682ECC11F1000B8EFB /* imgui_impl_opengl3.cpp in Sources */ = {isa = PBXBuildFile; fileRef = 6660EB4E2ECC11F1000B8EFB /* imgui_impl_opengl3.cpp */; };
		6660EB692ECC11F1000B8EFB /* gui_main.cpp in Sources */ = {isa = PBXBuildFile; fileRef = 6660EB472ECC11F1000B8EFB /* gui_main.cpp */; };
		6660EB6A2ECC11F1000B8EFB /* imgui_draw.cpp in Sources */ = {isa = PBXBuildFile; fileRef = 6660EB582ECC11F1000B8EFB /* imgui_draw.cpp */; };
		6660EB6B2ECC11F1000B8EFB /* imgui_widgets.cpp in Sources */ = {isa = PBXBuildFile; fileRef = 6660EB5D2ECC11F1000B8EFB /* imgui_widgets.cpp */; };
		6660EB6C2ECC11F1000B8EFB /* imgui_demo.cpp in Sources */ = {isa = PBXBuildFile; fileRef = 6660EB562ECC11F1000B8EFB /* imgui_demo.cpp */; };
		6660EB6D2ECC11F1000B8EFB /* imgui_tables.o in Frameworks */ = {isa = PBXBuildFile; fileRef = 6660EB5C2ECC11F1000B8EFB /* imgui_tables.o */; };
		6660EB6E2ECC11F1000B8EFB /* imgui_demo.o in Frameworks */ = {isa = PBXBuildFile; fileRef = 6660EB572ECC11F1000B8EFB /* imgui_demo.o */; };
		6660EB6F2ECC11F1000B8EFB /* gui_main.o in Frameworks */ = {isa = PBXBuildFile; fileRef = 6660EB482ECC11F1000B8EFB /* gui_main.o */; };
		6660EB702ECC11F1000B8EFB /* imgui.o in Frameworks */ = {isa = PBXBuildFile; fileRef = 6660EB552ECC11F1000B8EFB /* imgui.o */; };
		6660EB712ECC11F1000B8EFB /* imgui_impl_opengl3.o in Frameworks */ = {isa = PBXBuildFile; fileRef = 6660EB4F2ECC11F1000B8EFB /* imgui_impl_opengl3.o */; };
		6660EB722ECC11F1000B8EFB /* imgui_draw.o in Frameworks */ = {isa = PBXBuildFile; fileRef = 6660EB592ECC11F1000B8EFB /* imgui_draw.o */; };
		6660EB732ECC11F1000B8EFB /* imgui_impl_glfw.o in Frameworks */ = {isa = PBXBuildFile; fileRef = 6660EB4C2ECC11F1000B8EFB /* imgui_impl_glfw.o */; };
		6660EB742ECC11F1000B8EFB /* imgui_widgets.o in Frameworks */ = {isa = PBXBuildFile; fileRef = 6660EB5E2ECC11F1000B8EFB /* imgui_widgets.o */; };
		669F97BC2CBD0CCC00050E42 /* GNC.cpp in Sources */ = {isa = PBXBuildFile; fileRef = 660BF41C2C6A0F65008A8136 /* GNC.cpp */; };
		669F97BD2CBD0CCC00050E42 /* rocket.cpp in Sources */ = {isa = PBXBuildFile; fileRef = 660BF4182C63611B008A8136 /* rocket.cpp */; };
		669F97BE2CBD0CCC00050E42 /* Atmosphere_properties.cpp in Sources */ = {isa = PBXBuildFile; fileRef = 660BF4122C63572A008A8136 /* Atmosphere_properties.cpp */; };
		669F97BF2CBD0CCC00050E42 /* engine_model.cpp in Sources */ = {isa = PBXBuildFile; fileRef = 660BF40F2C633BA5008A8136 /* engine_model.cpp */; };
		669F97C02CBD0CCC00050E42 /* sim.cpp in Sources */ = {isa = PBXBuildFile; fileRef = 660BF4032C631731008A8136 /* sim.cpp */; };
		669F97C12CBD0CCC00050E42 /* gravity.cpp in Sources */ = {isa = PBXBuildFile; fileRef = 660BF4002C6316C1008A8136 /* gravity.cpp */; };
		669F97C22CBD0CCC00050E42 /* math.cpp in Sources */ = {isa = PBXBuildFile; fileRef = 660BF40C2C631B18008A8136 /* math.cpp */; };
		669F97C32CBD0CCC00050E42 /* aerodynamics.cpp in Sources */ = {isa = PBXBuildFile; fileRef = 660BF4662C720F3A008A8136 /* aerodynamics.cpp */; };
		669F97C42CBD0CCC00050E42 /* utilities.cpp in Sources */ = {isa = PBXBuildFile; fileRef = 660BF46B2C7EFE18008A8136 /* utilities.cpp */; };
/* End PBXBuildFile section */

/* Begin PBXCopyFilesBuildPhase section */
		660BF3F02C6315EA008A8136 /* Copy Files */ = {
			isa = PBXCopyFilesBuildPhase;
			buildActionMask = 2147483647;
			dstPath = /usr/share/man/man1/;
			dstSubfolderSpec = 0;
			files = (
			);
			name = "Copy Files";
			runOnlyForDeploymentPostprocessing = 1;
		};
/* End PBXCopyFilesBuildPhase section */

/* Begin PBXFileReference section */
		660BF3F22C6315EA008A8136 /* FlightSim */ = {isa = PBXFileReference; explicitFileType = "compiled.mach-o.executable"; includeInIndex = 0; path = FlightSim; sourceTree = BUILT_PRODUCTS_DIR; };
		660BF3FC2C631631008A8136 /* FlightSim-Bridging-Header.h */ = {isa = PBXFileReference; lastKnownFileType = sourcecode.c.h; path = "FlightSim-Bridging-Header.h"; sourceTree = "<group>"; };
		660BF4002C6316C1008A8136 /* gravity.cpp */ = {isa = PBXFileReference; lastKnownFileType = sourcecode.cpp.cpp; path = gravity.cpp; sourceTree = "<group>"; };
		660BF4012C6316C1008A8136 /* gravity.hpp */ = {isa = PBXFileReference; lastKnownFileType = sourcecode.cpp.h; path = gravity.hpp; sourceTree = "<group>"; };
		660BF4032C631731008A8136 /* sim.cpp */ = {isa = PBXFileReference; lastKnownFileType = sourcecode.cpp.cpp; path = sim.cpp; sourceTree = "<group>"; };
		660BF4042C631731008A8136 /* sim.hpp */ = {isa = PBXFileReference; lastKnownFileType = sourcecode.cpp.h; path = sim.hpp; sourceTree = "<group>"; };
		660BF40B2C631887008A8136 /* constants.h */ = {isa = PBXFileReference; lastKnownFileType = sourcecode.c.h; path = constants.h; sourceTree = "<group>"; };
		660BF40C2C631B18008A8136 /* math.cpp */ = {isa = PBXFileReference; lastKnownFileType = sourcecode.cpp.cpp; path = math.cpp; sourceTree = "<group>"; };
		660BF40D2C631B18008A8136 /* math.hpp */ = {isa = PBXFileReference; lastKnownFileType = sourcecode.cpp.h; path = math.hpp; sourceTree = "<group>"; };
		660BF40F2C633BA5008A8136 /* engine_model.cpp */ = {isa = PBXFileReference; lastKnownFileType = sourcecode.cpp.cpp; path = engine_model.cpp; sourceTree = "<group>"; };
		660BF4102C633BA5008A8136 /* engine_model.hpp */ = {isa = PBXFileReference; lastKnownFileType = sourcecode.cpp.h; path = engine_model.hpp; sourceTree = "<group>"; };
		660BF4122C63572A008A8136 /* Atmosphere_properties.cpp */ = {isa = PBXFileReference; lastKnownFileType = sourcecode.cpp.cpp; path = Atmosphere_properties.cpp; sourceTree = "<group>"; };
		660BF4132C63572A008A8136 /* Atmosphere_properties.hpp */ = {isa = PBXFileReference; lastKnownFileType = sourcecode.cpp.h; path = Atmosphere_properties.hpp; sourceTree = "<group>"; };
		660BF4182C63611B008A8136 /* rocket.cpp */ = {isa = PBXFileReference; lastKnownFileType = sourcecode.cpp.cpp; path = rocket.cpp; sourceTree = "<group>"; };
		660BF4192C63611B008A8136 /* rocket.hpp */ = {isa = PBXFileReference; lastKnownFileType = sourcecode.cpp.h; path = rocket.hpp; sourceTree = "<group>"; };
		660BF41C2C6A0F65008A8136 /* GNC.cpp */ = {isa = PBXFileReference; lastKnownFileType = sourcecode.cpp.cpp; path = GNC.cpp; sourceTree = "<group>"; };
		660BF41D2C6A0F65008A8136 /* GNC.hpp */ = {isa = PBXFileReference; lastKnownFileType = sourcecode.cpp.h; path = GNC.hpp; sourceTree = "<group>"; };
		660BF4242C6E65CB008A8136 /* WGS84toCartesian.hpp */ = {isa = PBXFileReference; lastKnownFileType = sourcecode.cpp.h; path = WGS84toCartesian.hpp; sourceTree = "<group>"; };
		660BF4662C720F3A008A8136 /* aerodynamics.cpp */ = {isa = PBXFileReference; lastKnownFileType = sourcecode.cpp.cpp; path = aerodynamics.cpp; sourceTree = "<group>"; };
		660BF4672C720F3A008A8136 /* aerodynamics.hpp */ = {isa = PBXFileReference; lastKnownFileType = sourcecode.cpp.h; path = aerodynamics.hpp; sourceTree = "<group>"; };
		660BF46B2C7EFE18008A8136 /* utilities.cpp */ = {isa = PBXFileReference; lastKnownFileType = sourcecode.cpp.cpp; path = utilities.cpp; sourceTree = "<group>"; };
		660BF46C2C7EFE18008A8136 /* utilities.hpp */ = {isa = PBXFileReference; lastKnownFileType = sourcecode.cpp.h; path = utilities.hpp; sourceTree = "<group>"; };
		662018E62CF42F2700EAAE24 /* coding_pratices */ = {isa = PBXFileReference; lastKnownFileType = text; path = coding_pratices; sourceTree = "<group>"; };
		6660EB472ECC11F1000B8EFB /* gui_main.cpp */ = {isa = PBXFileReference; lastKnownFileType = sourcecode.cpp.cpp; path = gui_main.cpp; sourceTree = "<group>"; };
		6660EB482ECC11F1000B8EFB /* gui_main.o */ = {isa = PBXFileReference; lastKnownFileType = "compiled.mach-o.objfile"; path = gui_main.o; sourceTree = "<group>"; };
		6660EB492ECC11F1000B8EFB /* GUI_SETUP_README.md */ = {isa = PBXFileReference; lastKnownFileType = net.daringfireball.markdown; path = GUI_SETUP_README.md; sourceTree = "<group>"; };
		6660EB4A2ECC11F1000B8EFB /* imgui_impl_glfw.h */ = {isa = PBXFileReference; lastKnownFileType = sourcecode.c.h; path = imgui_impl_glfw.h; sourceTree = "<group>"; };
		6660EB4B2ECC11F1000B8EFB /* imgui_impl_glfw.cpp */ = {isa = PBXFileReference; lastKnownFileType = sourcecode.cpp.cpp; path = imgui_impl_glfw.cpp; sourceTree = "<group>"; };
		6660EB4C2ECC11F1000B8EFB /* imgui_impl_glfw.o */ = {isa = PBXFileReference; lastKnownFileType = "compiled.mach-o.objfile"; path = imgui_impl_glfw.o; sourceTree = "<group>"; };
		6660EB4D2ECC11F1000B8EFB /* imgui_impl_opengl3.h */ = {isa = PBXFileReference; lastKnownFileType = sourcecode.c.h; path = imgui_impl_opengl3.h; sourceTree = "<group>"; };
		6660EB4E2ECC11F1000B8EFB /* imgui_impl_opengl3.cpp */ = {isa = PBXFileReference; lastKnownFileType = sourcecode.cpp.cpp; path = imgui_impl_opengl3.cpp; sourceTree = "<group>"; };
		6660EB4F2ECC11F1000B8EFB /* imgui_impl_opengl3.o */ = {isa = PBXFileReference; lastKnownFileType = "compiled.mach-o.objfile"; path = imgui_impl_opengl3.o; sourceTree = "<group>"; };
		6660EB502ECC11F1000B8EFB /* imgui_impl_opengl3_loader.h */ = {isa = PBXFileReference; lastKnownFileType = sourcecode.c.h; path = imgui_impl_opengl3_loader.h; sourceTree = "<group>"; };
		6660EB522ECC11F1000B8EFB /* imconfig.h */ = {isa = PBXFileReference; lastKnownFileType = sourcecode.c.h; path = imconfig.h; sourceTree = "<group>"; };
		6660EB532ECC11F1000B8EFB /* imgui.h */ = {isa = PBXFileReference; lastKnownFileType = sourcecode.c.h; path = imgui.h; sourceTree = "<group>"; };
		6660EB542ECC11F1000B8EFB /* imgui.cpp */ = {isa = PBXFileReference; lastKnownFileType = sourcecode.cpp.cpp; path = imgui.cpp; sourceTree = "<group>"; };
		6660EB552ECC11F1000B8EFB /* imgui.o */ = {isa = PBXFileReference; lastKnownFileType = "compiled.mach-o.objfile"; path = imgui.o; sourceTree = "<group>"; };
		6660EB562ECC11F1000B8EFB /* imgui_demo.cpp */ = {isa = PBXFileReference; lastKnownFileType = sourcecode.cpp.cpp; path = imgui_demo.cpp; sourceTree = "<group>"; };
		6660EB572ECC11F1000B8EFB /* imgui_demo.o */ = {isa = PBXFileReference; lastKnownFileType = "compiled.mach-o.objfile"; path = imgui_demo.o; sourceTree = "<group>"; };
		6660EB582ECC11F1000B8EFB /* imgui_draw.cpp */ = {isa = PBXFileReference; lastKnownFileType = sourcecode.cpp.cpp; path = imgui_draw.cpp; sourceTree = "<group>"; };
		6660EB592ECC11F1000B8EFB /* imgui_draw.o */ = {isa = PBXFileReference; lastKnownFileType = "compiled.mach-o.objfile"; path = imgui_draw.o; sourceTree = "<group>"; };
		6660EB5A2ECC11F1000B8EFB /* imgui_internal.h */ = {isa = PBXFileReference; lastKnownFileType = sourcecode.c.h; path = imgui_internal.h; sourceTree = "<group>"; };
		6660EB5B2ECC11F1000B8EFB /* imgui_tables.cpp */ = {isa = PBXFileReference; lastKnownFileType = sourcecode.cpp.cpp; path = imgui_tables.cpp; sourceTree = "<group>"; };
		6660EB5C2ECC11F1000B8EFB /* imgui_tables.o */ = {isa = PBXFileReference; lastKnownFileType = "compiled.mach-o.objfile"; path = imgui_tables.o; sourceTree = "<group>"; };
		6660EB5D2ECC11F1000B8EFB /* imgui_widgets.cpp */ = {isa = PBXFileReference; lastKnownFileType = sourcecode.cpp.cpp; path = imgui_widgets.cpp; sourceTree = "<group>"; };
		6660EB5E2ECC11F1000B8EFB /* imgui_widgets.o */ = {isa = PBXFileReference; lastKnownFileType = "compiled.mach-o.objfile"; path = imgui_widgets.o; sourceTree = "<group>"; };
		6660EB5F2ECC11F1000B8EFB /* imstb_rectpack.h */ = {isa = PBXFileReference; lastKnownFileType = sourcecode.c.h; path = imstb_rectpack.h; sourceTree = "<group>"; };
		6660EB602ECC11F1000B8EFB /* imstb_textedit.h */ = {isa = PBXFileReference; lastKnownFileType = sourcecode.c.h; path = imstb_textedit.h; sourceTree = "<group>"; };
		6660EB612ECC11F1000B8EFB /* imstb_truetype.h */ = {isa = PBXFileReference; lastKnownFileType = sourcecode.c.h; path = imstb_truetype.h; sourceTree = "<group>"; };
		6660EB632ECC11F1000B8EFB /* imgui.ini */ = {isa = PBXFileReference; lastKnownFileType = text; path = imgui.ini; sourceTree = "<group>"; };
		6660EB642ECC11F1000B8EFB /* Makefile.gui */ = {isa = PBXFileReference; lastKnownFileType = text; path = Makefile.gui; sourceTree = "<group>"; };
		66A1D6DF2CCBA7B50077C04E /* trajectory.hpp */ = {isa = PBXFileReference; lastKnownFileType = sourcecode.cpp.h; path = trajectory.hpp; sourceTree = "<group>"; };
/* End PBXFileReference section */

/* Begin PBXFrameworksBuildPhase section */
		660BF3EF2C6315EA008A8136 /* Frameworks */ = {
			isa = PBXFrameworksBuildPhase;
			buildActionMask = 2147483647;
			files = (
				6660EB6D2ECC11F1000B8EFB /* imgui_tables.o in Frameworks */,
				6660EB6E2ECC11F1000B8EFB /* imgui_demo.o in Frameworks */,
				6660EB6F2ECC11F1000B8EFB /* gui_main.o in Frameworks */,
				6660EB702ECC11F1000B8EFB /* imgui.o in Frameworks */,
				6660EB712ECC11F1000B8EFB /* imgui_impl_opengl3.o in Frameworks */,
				6660EB722ECC11F1000B8EFB /* imgui_draw.o in Frameworks */,
				6660EB732ECC11F1000B8EFB /* imgui_impl_glfw.o in Frameworks */,
				6660EB742ECC11F1000B8EFB /* imgui_widgets.o in Frameworks */,
			);
			runOnlyForDeploymentPostprocessing = 0;
		};
/* End PBXFrameworksBuildPhase section */

/* Begin PBXGroup section */
		660BF3E92C6315EA008A8136 = {
			isa = PBXGroup;
			children = (
				6660EB472ECC11F1000B8EFB /* gui_main.cpp */,
				6660EB482ECC11F1000B8EFB /* gui_main.o */,
				6660EB492ECC11F1000B8EFB /* GUI_SETUP_README.md */,
				6660EB622ECC11F1000B8EFB /* imgui */,
				6660EB632ECC11F1000B8EFB /* imgui.ini */,
				6660EB642ECC11F1000B8EFB /* Makefile.gui */,
				660BF41B2C6490BB008A8136 /* files */,
				660BF4092C6317AB008A8136 /* header */,
				660BF4072C63176E008A8136 /* source */,
				660BF3F32C6315EA008A8136 /* Products */,
				660BF3FC2C631631008A8136 /* FlightSim-Bridging-Header.h */,
			);
			sourceTree = "<group>";
		};
		660BF3F32C6315EA008A8136 /* Products */ = {
			isa = PBXGroup;
			children = (
				660BF3F22C6315EA008A8136 /* FlightSim */,
			);
			name = Products;
			sourceTree = "<group>";
		};
		660BF4072C63176E008A8136 /* source */ = {
			isa = PBXGroup;
			children = (
				660BF41C2C6A0F65008A8136 /* GNC.cpp */,
				660BF4182C63611B008A8136 /* rocket.cpp */,
				660BF4122C63572A008A8136 /* Atmosphere_properties.cpp */,
				660BF40F2C633BA5008A8136 /* engine_model.cpp */,
				660BF4032C631731008A8136 /* sim.cpp */,
				660BF4002C6316C1008A8136 /* gravity.cpp */,
				660BF40C2C631B18008A8136 /* math.cpp */,
				660BF4662C720F3A008A8136 /* aerodynamics.cpp */,
				660BF46B2C7EFE18008A8136 /* utilities.cpp */,
			);
			name = source;
			sourceTree = "<group>";
		};
		660BF4092C6317AB008A8136 /* header */ = {
			isa = PBXGroup;
			children = (
				66A1D6DF2CCBA7B50077C04E /* trajectory.hpp */,
				660BF46C2C7EFE18008A8136 /* utilities.hpp */,
				660BF4242C6E65CB008A8136 /* WGS84toCartesian.hpp */,
				660BF41D2C6A0F65008A8136 /* GNC.hpp */,
				660BF4132C63572A008A8136 /* Atmosphere_properties.hpp */,
				660BF4672C720F3A008A8136 /* aerodynamics.hpp */,
				660BF4102C633BA5008A8136 /* engine_model.hpp */,
				660BF40D2C631B18008A8136 /* math.hpp */,
				660BF4042C631731008A8136 /* sim.hpp */,
				660BF4012C6316C1008A8136 /* gravity.hpp */,
				660BF40B2C631887008A8136 /* constants.h */,
				660BF4192C63611B008A8136 /* rocket.hpp */,
			);
			name = header;
			sourceTree = "<group>";
		};
		660BF41B2C6490BB008A8136 /* files */ = {
			isa = PBXGroup;
			children = (
				662018E62CF42F2700EAAE24 /* coding_pratices */,
			);
			path = files;
			sourceTree = "<group>";
		};
		6660EB512ECC11F1000B8EFB /* backends */ = {
			isa = PBXGroup;
			children = (
				6660EB4A2ECC11F1000B8EFB /* imgui_impl_glfw.h */,
				6660EB4B2ECC11F1000B8EFB /* imgui_impl_glfw.cpp */,
				6660EB4C2ECC11F1000B8EFB /* imgui_impl_glfw.o */,
				6660EB4D2ECC11F1000B8EFB /* imgui_impl_opengl3.h */,
				6660EB4E2ECC11F1000B8EFB /* imgui_impl_opengl3.cpp */,
				6660EB4F2ECC11F1000B8EFB /* imgui_impl_opengl3.o */,
				6660EB502ECC11F1000B8EFB /* imgui_impl_opengl3_loader.h */,
			);
			path = backends;
			sourceTree = "<group>";
		};
		6660EB622ECC11F1000B8EFB /* imgui */ = {
			isa = PBXGroup;
			children = (
				6660EB512ECC11F1000B8EFB /* backends */,
				6660EB522ECC11F1000B8EFB /* imconfig.h */,
				6660EB532ECC11F1000B8EFB /* imgui.h */,
				6660EB542ECC11F1000B8EFB /* imgui.cpp */,
				6660EB552ECC11F1000B8EFB /* imgui.o */,
				6660EB562ECC11F1000B8EFB /* imgui_demo.cpp */,
				6660EB572ECC11F1000B8EFB /* imgui_demo.o */,
				6660EB582ECC11F1000B8EFB /* imgui_draw.cpp */,
				6660EB592ECC11F1000B8EFB /* imgui_draw.o */,
				6660EB5A2ECC11F1000B8EFB /* imgui_internal.h */,
				6660EB5B2ECC11F1000B8EFB /* imgui_tables.cpp */,
				6660EB5C2ECC11F1000B8EFB /* imgui_tables.o */,
				6660EB5D2ECC11F1000B8EFB /* imgui_widgets.cpp */,
				6660EB5E2ECC11F1000B8EFB /* imgui_widgets.o */,
				6660EB5F2ECC11F1000B8EFB /* imstb_rectpack.h */,
				6660EB602ECC11F1000B8EFB /* imstb_textedit.h */,
				6660EB612ECC11F1000B8EFB /* imstb_truetype.h */,
			);
			path = imgui;
			sourceTree = "<group>";
		};
/* End PBXGroup section */

/* Begin PBXNativeTarget section */
		660BF3F12C6315EA008A8136 /* FlightSim */ = {
			isa = PBXNativeTarget;
			buildConfigurationList = 660BF3F92C6315EA008A8136 /* Build configuration list for PBXNativeTarget "FlightSim" */;
			buildPhases = (
				669F97BB2CBD0CBF00050E42 /* Sources */,
				660BF3EF2C6315EA008A8136 /* Frameworks */,
				660BF3F02C6315EA008A8136 /* Copy Files */,
			);
			buildRules = (
			);
			dependencies = (
			);
			name = FlightSim;
			productName = FlightSim;
			productReference = 660BF3F22C6315EA008A8136 /* FlightSim */;
			productType = "com.apple.product-type.tool";
		};
/* End PBXNativeTarget section */

/* Begin PBXProject section */
		660BF3EA2C6315EA008A8136 /* Project object */ = {
			isa = PBXProject;
			attributes = {
				BuildIndependentTargetsInParallel = 1;
				LastSwiftUpdateCheck = 1540;
				LastUpgradeCheck = 1600;
				TargetAttributes = {
					660BF3F12C6315EA008A8136 = {
						CreatedOnToolsVersion = 15.4;
						LastSwiftMigration = 1540;
					};
				};
			};
			buildConfigurationList = 660BF3ED2C6315EA008A8136 /* Build configuration list for PBXProject "FlightSim" */;
			compatibilityVersion = "Xcode 14.0";
			developmentRegion = en;
			hasScannedForEncodings = 0;
			knownRegions = (
				en,
				Base,
			);
			mainGroup = 660BF3E92C6315EA008A8136;
			productRefGroup = 660BF3F32C6315EA008A8136 /* Products */;
			projectDirPath = "";
			projectRoot = "";
			targets = (
				660BF3F12C6315EA008A8136 /* FlightSim */,
			);
		};
/* End PBXProject section */

/* Begin PBXSourcesBuildPhase section */
		669F97BB2CBD0CBF00050E42 /* Sources */ = {
			isa = PBXSourcesBuildPhase;
			buildActionMask = 2147483647;
			files = (
				669F97BC2CBD0CCC00050E42 /* GNC.cpp in Sources */,
				669F97BD2CBD0CCC00050E42 /* rocket.cpp in Sources */,
				669F97BE2CBD0CCC00050E42 /* Atmosphere_properties.cpp in Sources */,
				669F97BF2CBD0CCC00050E42 /* engine_model.cpp in Sources */,
				669F97C02CBD0CCC00050E42 /* sim.cpp in Sources */,
				669F97C12CBD0CCC00050E42 /* gravity.cpp in Sources */,
				6660EB652ECC11F1000B8EFB /* imgui_tables.cpp in Sources */,
				6660EB662ECC11F1000B8EFB /* imgui.cpp in Sources */,
				6660EB672ECC11F1000B8EFB /* imgui_impl_glfw.cpp in Sources */,
				6660EB682ECC11F1000B8EFB /* imgui_impl_opengl3.cpp in Sources */,
				6660EB692ECC11F1000B8EFB /* gui_main.cpp in Sources */,
				6660EB6A2ECC11F1000B8EFB /* imgui_draw.cpp in Sources */,
				6660EB6B2ECC11F1000B8EFB /* imgui_widgets.cpp in Sources */,
				6660EB6C2ECC11F1000B8EFB /* imgui_demo.cpp in Sources */,
				669F97C22CBD0CCC00050E42 /* math.cpp in Sources */,
				669F97C32CBD0CCC00050E42 /* aerodynamics.cpp in Sources */,
				669F97C42CBD0CCC00050E42 /* utilities.cpp in Sources */,
			);
			runOnlyForDeploymentPostprocessing = 0;
		};
/* End PBXSourcesBuildPhase section */

/* Begin XCBuildConfiguration section */
		660BF3F72C6315EA008A8136 /* Debug */ = {
			isa = XCBuildConfiguration;
			buildSettings = {
				ALWAYS_SEARCH_USER_PATHS = NO;
				ASSETCATALOG_COMPILER_GENERATE_SWIFT_ASSET_SYMBOL_EXTENSIONS = YES;
				CLANG_ANALYZER_NONNULL = YES;
				CLANG_ANALYZER_NUMBER_OBJECT_CONVERSION = YES_AGGRESSIVE;
				CLANG_CXX_LANGUAGE_STANDARD = "gnu++20";
				CLANG_ENABLE_MODULES = YES;
				CLANG_ENABLE_OBJC_ARC = YES;
				CLANG_ENABLE_OBJC_WEAK = YES;
				CLANG_WARN_BLOCK_CAPTURE_AUTORELEASING = YES;
				CLANG_WARN_BOOL_CONVERSION = YES;
				CLANG_WARN_COMMA = YES;
				CLANG_WARN_CONSTANT_CONVERSION = YES;
				CLANG_WARN_DEPRECATED_OBJC_IMPLEMENTATIONS = YES;
				CLANG_WARN_DIRECT_OBJC_ISA_USAGE = YES_ERROR;
				CLANG_WARN_DOCUMENTATION_COMMENTS = YES;
				CLANG_WARN_EMPTY_BODY = YES;
				CLANG_WARN_ENUM_CONVERSION = YES;
				CLANG_WARN_INFINITE_RECURSION = YES;
				CLANG_WARN_INT_CONVERSION = YES;
				CLANG_WARN_NON_LITERAL_NULL_CONVERSION = YES;
				CLANG_WARN_OBJC_IMPLICIT_RETAIN_SELF = YES;
				CLANG_WARN_OBJC_LITERAL_CONVERSION = YES;
				CLANG_WARN_OBJC_ROOT_CLASS = YES_ERROR;
				CLANG_WARN_QUOTED_INCLUDE_IN_FRAMEWORK_HEADER = YES;
				CLANG_WARN_RANGE_LOOP_ANALYSIS = YES;
				CLANG_WARN_STRICT_PROTOTYPES = YES;
				CLANG_WARN_SUSPICIOUS_MOVE = YES;
				CLANG_WARN_UNGUARDED_AVAILABILITY = YES_AGGRESSIVE;
				CLANG_WARN_UNREACHABLE_CODE = YES;
				CLANG_WARN__DUPLICATE_METHOD_MATCH = YES;
				COPY_PHASE_STRIP = NO;
				DEAD_CODE_STRIPPING = YES;
				DEBUG_INFORMATION_FORMAT = dwarf;
				ENABLE_STRICT_OBJC_MSGSEND = YES;
				ENABLE_TESTABILITY = YES;
				ENABLE_USER_SCRIPT_SANDBOXING = YES;
				GCC_C_LANGUAGE_STANDARD = gnu17;
				GCC_DYNAMIC_NO_PIC = NO;
				GCC_NO_COMMON_BLOCKS = YES;
				GCC_OPTIMIZATION_LEVEL = 0;
				GCC_PREPROCESSOR_DEFINITIONS = (
					"DEBUG=1",
					"$(inherited)",
				);
				GCC_WARN_64_TO_32_BIT_CONVERSION = YES;
				GCC_WARN_ABOUT_RETURN_TYPE = YES_ERROR;
				GCC_WARN_UNDECLARED_SELECTOR = YES;
				GCC_WARN_UNINITIALIZED_AUTOS = YES_AGGRESSIVE;
				GCC_WARN_UNUSED_FUNCTION = YES;
				GCC_WARN_UNUSED_VARIABLE = YES;
				LOCALIZATION_PREFERS_STRING_CATALOGS = YES;
				MACOSX_DEPLOYMENT_TARGET = 14.5;
				MTL_ENABLE_DEBUG_INFO = INCLUDE_SOURCE;
				MTL_FAST_MATH = YES;
				ONLY_ACTIVE_ARCH = YES;
				SDKROOT = macosx;
				SWIFT_ACTIVE_COMPILATION_CONDITIONS = "DEBUG $(inherited)";
				SWIFT_OPTIMIZATION_LEVEL = "-Onone";
			};
			name = Debug;
		};
		660BF3F82C6315EA008A8136 /* Release */ = {
			isa = XCBuildConfiguration;
			buildSettings = {
				ALWAYS_SEARCH_USER_PATHS = NO;
				ASSETCATALOG_COMPILER_GENERATE_SWIFT_ASSET_SYMBOL_EXTENSIONS = YES;
				CLANG_ANALYZER_NONNULL = YES;
				CLANG_ANALYZER_NUMBER_OBJECT_CONVERSION = YES_AGGRESSIVE;
				CLANG_CXX_LANGUAGE_STANDARD = "gnu++20";
				CLANG_ENABLE_MODULES = YES;
				CLANG_ENABLE_OBJC_ARC = YES;
				CLANG_ENABLE_OBJC_WEAK = YES;
				CLANG_WARN_BLOCK_CAPTURE_AUTORELEASING = YES;
				CLANG_WARN_BOOL_CONVERSION = YES;
				CLANG_WARN_COMMA = YES;
				CLANG_WARN_CONSTANT_CONVERSION = YES;
				CLANG_WARN_DEPRECATED_OBJC_IMPLEMENTATIONS = YES;
				CLANG_WARN_DIRECT_OBJC_ISA_USAGE = YES_ERROR;
				CLANG_WARN_DOCUMENTATION_COMMENTS = YES;
				CLANG_WARN_EMPTY_BODY = YES;
				CLANG_WARN_ENUM_CONVERSION = YES;
				CLANG_WARN_INFINITE_RECURSION = YES;
				CLANG_WARN_INT_CONVERSION = YES;
				CLANG_WARN_NON_LITERAL_NULL_CONVERSION = YES;
				CLANG_WARN_OBJC_IMPLICIT_RETAIN_SELF = YES;
				CLANG_WARN_OBJC_LITERAL_CONVERSION = YES;
				CLANG_WARN_OBJC_ROOT_CLASS = YES_ERROR;
				CLANG_WARN_QUOTED_INCLUDE_IN_FRAMEWORK_HEADER = YES;
				CLANG_WARN_RANGE_LOOP_ANALYSIS = YES;
				CLANG_WARN_STRICT_PROTOTYPES = YES;
				CLANG_WARN_SUSPICIOUS_MOVE = YES;
				CLANG_WARN_UNGUARDED_AVAILABILITY = YES_AGGRESSIVE;
				CLANG_WARN_UNREACHABLE_CODE = YES;
				CLANG_WARN__DUPLICATE_METHOD_MATCH = YES;
				COPY_PHASE_STRIP = NO;
				DEAD_CODE_STRIPPING = YES;
				DEBUG_INFORMATION_FORMAT = "dwarf-with-dsym";
				ENABLE_NS_ASSERTIONS = NO;
				ENABLE_STRICT_OBJC_MSGSEND = YES;
				ENABLE_USER_SCRIPT_SANDBOXING = YES;
				GCC_C_LANGUAGE_STANDARD = gnu17;
				GCC_NO_COMMON_BLOCKS = YES;
				GCC_WARN_64_TO_32_BIT_CONVERSION = YES;
				GCC_WARN_ABOUT_RETURN_TYPE = YES_ERROR;
				GCC_WARN_UNDECLARED_SELECTOR = YES;
				GCC_WARN_UNINITIALIZED_AUTOS = YES_AGGRESSIVE;
				GCC_WARN_UNUSED_FUNCTION = YES;
				GCC_WARN_UNUSED_VARIABLE = YES;
				LOCALIZATION_PREFERS_STRING_CATALOGS = YES;
				MACOSX_DEPLOYMENT_TARGET = 14.5;
				MTL_ENABLE_DEBUG_INFO = NO;
				MTL_FAST_MATH = YES;
				SDKROOT = macosx;
				SWIFT_COMPILATION_MODE = wholemodule;
			};
			name = Release;
		};
		660BF3FA2C6315EA008A8136 /* Debug */ = {
			isa = XCBuildConfiguration;
			buildSettings = {
				CLANG_ENABLE_MODULES = YES;
				"CODE_SIGN_IDENTITY[sdk=macosx*]" = "-";
				CODE_SIGN_STYLE = Automatic;
				DEAD_CODE_STRIPPING = YES;
				"LIBRARY_SEARCH_PATHS[arch=*]" = "";
				PRODUCT_NAME = "$(TARGET_NAME)";
				SWIFT_OBJC_BRIDGING_HEADER = "FlightSim-Bridging-Header.h";
				SWIFT_OPTIMIZATION_LEVEL = "-Onone";
				SWIFT_VERSION = 5.0;
			};
			name = Debug;
		};
		660BF3FB2C6315EA008A8136 /* Release */ = {
			isa = XCBuildConfiguration;
			buildSettings = {
				CLANG_ENABLE_MODULES = YES;
				"CODE_SIGN_IDENTITY[sdk=macosx*]" = "-";
				CODE_SIGN_STYLE = Automatic;
				DEAD_CODE_STRIPPING = YES;
				PRODUCT_NAME = "$(TARGET_NAME)";
				SWIFT_OBJC_BRIDGING_HEADER = "FlightSim-Bridging-Header.h";
				SWIFT_VERSION = 5.0;
			};
			name = Release;
		};
/* End XCBuildConfiguration section */

/* Begin XCConfigurationList section */
		660BF3ED2C6315EA008A8136 /* Build configuration list for PBXProject "FlightSim" */ = {
			isa = XCConfigurationList;
			buildConfigurations = (
				660BF3F72C6315EA008A8136 /* Debug */,
				660BF3F82C6315EA008A8136 /* Release */,
			);
			defaultConfigurationIsVisible = 0;
			defaultConfigurationName = Release;
		};
		660BF3F92C6315EA008A8136 /* Build configuration list for PBXNativeTarget "FlightSim" */ = {
			isa = XCConfigurationList;
			buildConfigurations = (
				660BF3FA2C6315EA008A8136 /* Debug */,
				660BF3FB2C6315EA008A8136 /* Release */,
			);
			defaultConfigurationIsVisible = 0;
			defaultConfigurationName = Release;
		};
/* End XCConfigurationList section */
	};
	rootObject = 660BF3EA2C6315EA008A8136 /* Project object */;
}
